// !$*UTF8*$!
{
	archiveVersion = 1;
	classes = {
	};
	objectVersion = 56;
	objects = {

/* Begin PBXBuildFile section */
		0A6314132979A51400687FEF /* APIStones.swift in Sources */ = {isa = PBXBuildFile; fileRef = 0A6314122979A51400687FEF /* APIStones.swift */; };
		0A6314152979A51F00687FEF /* ModelStones.swift in Sources */ = {isa = PBXBuildFile; fileRef = 0A6314142979A51F00687FEF /* ModelStones.swift */; };
		0A6314172979A52C00687FEF /* ProviderStones.swift in Sources */ = {isa = PBXBuildFile; fileRef = 0A6314162979A52C00687FEF /* ProviderStones.swift */; };
		0A6314192979A58700687FEF /* StonesController.swift in Sources */ = {isa = PBXBuildFile; fileRef = 0A6314182979A58700687FEF /* StonesController.swift */; };
		0A63141D2979A64400687FEF /* StonesCell.swift in Sources */ = {isa = PBXBuildFile; fileRef = 0A63141B2979A64400687FEF /* StonesCell.swift */; };
		0A63141E2979A64400687FEF /* StonesCell.xib in Resources */ = {isa = PBXBuildFile; fileRef = 0A63141C2979A64400687FEF /* StonesCell.xib */; };
		0ABC6B082976FFC1007A2D21 /* AppDelegate.swift in Sources */ = {isa = PBXBuildFile; fileRef = 0ABC6B072976FFC1007A2D21 /* AppDelegate.swift */; };
		0ABC6B0A2976FFC1007A2D21 /* SceneDelegate.swift in Sources */ = {isa = PBXBuildFile; fileRef = 0ABC6B092976FFC1007A2D21 /* SceneDelegate.swift */; };
		0ABC6B0C2976FFC1007A2D21 /* ViewController.swift in Sources */ = {isa = PBXBuildFile; fileRef = 0ABC6B0B2976FFC1007A2D21 /* ViewController.swift */; };
		0ABC6B0F2976FFC1007A2D21 /* Main.storyboard in Resources */ = {isa = PBXBuildFile; fileRef = 0ABC6B0D2976FFC1007A2D21 /* Main.storyboard */; };
		0ABC6B112976FFC5007A2D21 /* Assets.xcassets in Resources */ = {isa = PBXBuildFile; fileRef = 0ABC6B102976FFC5007A2D21 /* Assets.xcassets */; };
		0ABC6B142976FFC5007A2D21 /* LaunchScreen.storyboard in Resources */ = {isa = PBXBuildFile; fileRef = 0ABC6B122976FFC5007A2D21 /* LaunchScreen.storyboard */; };
		0ABC6B1E29770526007A2D21 /* BelarusbankAPI.swift in Sources */ = {isa = PBXBuildFile; fileRef = 0ABC6B1D29770526007A2D21 /* BelarusbankAPI.swift */; };
		0ABC6B202977052F007A2D21 /* Model.swift in Sources */ = {isa = PBXBuildFile; fileRef = 0ABC6B1F2977052F007A2D21 /* Model.swift */; };
		0ABC6B222977053C007A2D21 /* Provider.swift in Sources */ = {isa = PBXBuildFile; fileRef = 0ABC6B212977053C007A2D21 /* Provider.swift */; };
		0ABC6B2429770D0B007A2D21 /* ProfileController.swift in Sources */ = {isa = PBXBuildFile; fileRef = 0ABC6B2329770D0B007A2D21 /* ProfileController.swift */; };
		0ABC6B2E297714E0007A2D21 /* CityCollectionCell.swift in Sources */ = {isa = PBXBuildFile; fileRef = 0ABC6B2C297714E0007A2D21 /* CityCollectionCell.swift */; };
		0ABC6B2F297714E0007A2D21 /* CityCollectionCell.xib in Resources */ = {isa = PBXBuildFile; fileRef = 0ABC6B2D297714E0007A2D21 /* CityCollectionCell.xib */; };
		0ABC6B3429771511007A2D21 /* SortCollectionCell.swift in Sources */ = {isa = PBXBuildFile; fileRef = 0ABC6B3229771511007A2D21 /* SortCollectionCell.swift */; };
		0ABC6B3529771511007A2D21 /* SortCollectionCell.xib in Resources */ = {isa = PBXBuildFile; fileRef = 0ABC6B3329771511007A2D21 /* SortCollectionCell.xib */; };
		4CA11ADF539A8043241021E6 /* Pods_BankApp.framework in Frameworks */ = {isa = PBXBuildFile; fileRef = 3189DF7ABE780F7E00D80D9B /* Pods_BankApp.framework */; };
/* End PBXBuildFile section */

/* Begin PBXFileReference section */
		0A6314122979A51400687FEF /* APIStones.swift */ = {isa = PBXFileReference; lastKnownFileType = sourcecode.swift; path = APIStones.swift; sourceTree = "<group>"; };
		0A6314142979A51F00687FEF /* ModelStones.swift */ = {isa = PBXFileReference; lastKnownFileType = sourcecode.swift; path = ModelStones.swift; sourceTree = "<group>"; };
		0A6314162979A52C00687FEF /* ProviderStones.swift */ = {isa = PBXFileReference; lastKnownFileType = sourcecode.swift; path = ProviderStones.swift; sourceTree = "<group>"; };
		0A6314182979A58700687FEF /* StonesController.swift */ = {isa = PBXFileReference; lastKnownFileType = sourcecode.swift; path = StonesController.swift; sourceTree = "<group>"; };
		0A63141B2979A64400687FEF /* StonesCell.swift */ = {isa = PBXFileReference; lastKnownFileType = sourcecode.swift; path = StonesCell.swift; sourceTree = "<group>"; };
		0A63141C2979A64400687FEF /* StonesCell.xib */ = {isa = PBXFileReference; lastKnownFileType = file.xib; path = StonesCell.xib; sourceTree = "<group>"; };
		0ABC6B042976FFC1007A2D21 /* BankApp.app */ = {isa = PBXFileReference; explicitFileType = wrapper.application; includeInIndex = 0; path = BankApp.app; sourceTree = BUILT_PRODUCTS_DIR; };
		0ABC6B072976FFC1007A2D21 /* AppDelegate.swift */ = {isa = PBXFileReference; lastKnownFileType = sourcecode.swift; path = AppDelegate.swift; sourceTree = "<group>"; };
		0ABC6B092976FFC1007A2D21 /* SceneDelegate.swift */ = {isa = PBXFileReference; lastKnownFileType = sourcecode.swift; path = SceneDelegate.swift; sourceTree = "<group>"; };
		0ABC6B0B2976FFC1007A2D21 /* ViewController.swift */ = {isa = PBXFileReference; lastKnownFileType = sourcecode.swift; path = ViewController.swift; sourceTree = "<group>"; };
		0ABC6B0E2976FFC1007A2D21 /* Base */ = {isa = PBXFileReference; lastKnownFileType = file.storyboard; name = Base; path = Base.lproj/Main.storyboard; sourceTree = "<group>"; };
		0ABC6B102976FFC5007A2D21 /* Assets.xcassets */ = {isa = PBXFileReference; lastKnownFileType = folder.assetcatalog; path = Assets.xcassets; sourceTree = "<group>"; };
		0ABC6B132976FFC5007A2D21 /* Base */ = {isa = PBXFileReference; lastKnownFileType = file.storyboard; name = Base; path = Base.lproj/LaunchScreen.storyboard; sourceTree = "<group>"; };
		0ABC6B152976FFC5007A2D21 /* Info.plist */ = {isa = PBXFileReference; lastKnownFileType = text.plist.xml; path = Info.plist; sourceTree = "<group>"; };
		0ABC6B1D29770526007A2D21 /* BelarusbankAPI.swift */ = {isa = PBXFileReference; lastKnownFileType = sourcecode.swift; path = BelarusbankAPI.swift; sourceTree = "<group>"; };
		0ABC6B1F2977052F007A2D21 /* Model.swift */ = {isa = PBXFileReference; lastKnownFileType = sourcecode.swift; path = Model.swift; sourceTree = "<group>"; };
		0ABC6B212977053C007A2D21 /* Provider.swift */ = {isa = PBXFileReference; lastKnownFileType = sourcecode.swift; path = Provider.swift; sourceTree = "<group>"; };
		0ABC6B2329770D0B007A2D21 /* ProfileController.swift */ = {isa = PBXFileReference; lastKnownFileType = sourcecode.swift; path = ProfileController.swift; sourceTree = "<group>"; };
		0ABC6B2C297714E0007A2D21 /* CityCollectionCell.swift */ = {isa = PBXFileReference; lastKnownFileType = sourcecode.swift; path = CityCollectionCell.swift; sourceTree = "<group>"; };
		0ABC6B2D297714E0007A2D21 /* CityCollectionCell.xib */ = {isa = PBXFileReference; lastKnownFileType = file.xib; path = CityCollectionCell.xib; sourceTree = "<group>"; };
		0ABC6B3229771511007A2D21 /* SortCollectionCell.swift */ = {isa = PBXFileReference; lastKnownFileType = sourcecode.swift; path = SortCollectionCell.swift; sourceTree = "<group>"; };
		0ABC6B3329771511007A2D21 /* SortCollectionCell.xib */ = {isa = PBXFileReference; lastKnownFileType = file.xib; path = SortCollectionCell.xib; sourceTree = "<group>"; };
		3189DF7ABE780F7E00D80D9B /* Pods_BankApp.framework */ = {isa = PBXFileReference; explicitFileType = wrapper.framework; includeInIndex = 0; path = Pods_BankApp.framework; sourceTree = BUILT_PRODUCTS_DIR; };
		4B09AAEE27AB75FCE4999C83 /* Pods-BankApp.release.xcconfig */ = {isa = PBXFileReference; includeInIndex = 1; lastKnownFileType = text.xcconfig; name = "Pods-BankApp.release.xcconfig"; path = "Target Support Files/Pods-BankApp/Pods-BankApp.release.xcconfig"; sourceTree = "<group>"; };
		E5DFD5AFEEA82EEC9D641FE5 /* Pods-BankApp.debug.xcconfig */ = {isa = PBXFileReference; includeInIndex = 1; lastKnownFileType = text.xcconfig; name = "Pods-BankApp.debug.xcconfig"; path = "Target Support Files/Pods-BankApp/Pods-BankApp.debug.xcconfig"; sourceTree = "<group>"; };
/* End PBXFileReference section */

/* Begin PBXFrameworksBuildPhase section */
		0ABC6B012976FFC1007A2D21 /* Frameworks */ = {
			isa = PBXFrameworksBuildPhase;
			buildActionMask = 2147483647;
			files = (
				4CA11ADF539A8043241021E6 /* Pods_BankApp.framework in Frameworks */,
			);
			runOnlyForDeploymentPostprocessing = 0;
		};
/* End PBXFrameworksBuildPhase section */

/* Begin PBXGroup section */
		0A6314112979A50200687FEF /* Stones */ = {
			isa = PBXGroup;
			children = (
				0A63141A2979A62700687FEF /* StonesCell */,
				0A6314122979A51400687FEF /* APIStones.swift */,
				0A6314142979A51F00687FEF /* ModelStones.swift */,
				0A6314162979A52C00687FEF /* ProviderStones.swift */,
				0A6314182979A58700687FEF /* StonesController.swift */,
			);
			path = Stones;
			sourceTree = "<group>";
		};
		0A63141A2979A62700687FEF /* StonesCell */ = {
			isa = PBXGroup;
			children = (
				0A63141B2979A64400687FEF /* StonesCell.swift */,
				0A63141C2979A64400687FEF /* StonesCell.xib */,
			);
			path = StonesCell;
			sourceTree = "<group>";
		};
		0ABC6AFB2976FFC1007A2D21 = {
			isa = PBXGroup;
			children = (
				0ABC6B062976FFC1007A2D21 /* BankApp */,
				0ABC6B052976FFC1007A2D21 /* Products */,
				E43FCC3DE3F4FC188A4BB0FA /* Pods */,
				A55501FDE772653CBA5F6070 /* Frameworks */,
			);
			sourceTree = "<group>";
		};
		0ABC6B052976FFC1007A2D21 /* Products */ = {
			isa = PBXGroup;
			children = (
				0ABC6B042976FFC1007A2D21 /* BankApp.app */,
			);
			name = Products;
			sourceTree = "<group>";
		};
		0ABC6B062976FFC1007A2D21 /* BankApp */ = {
			isa = PBXGroup;
			children = (
				0A6314112979A50200687FEF /* Stones */,
				0ABC6B2B297714BD007A2D21 /* CollectionsB */,
				0ABC6B1C29770517007A2D21 /* API */,
				0ABC6B072976FFC1007A2D21 /* AppDelegate.swift */,
				0ABC6B092976FFC1007A2D21 /* SceneDelegate.swift */,
				0ABC6B0B2976FFC1007A2D21 /* ViewController.swift */,
				0ABC6B0D2976FFC1007A2D21 /* Main.storyboard */,
				0ABC6B102976FFC5007A2D21 /* Assets.xcassets */,
				0ABC6B122976FFC5007A2D21 /* LaunchScreen.storyboard */,
				0ABC6B152976FFC5007A2D21 /* Info.plist */,
				0ABC6B2329770D0B007A2D21 /* ProfileController.swift */,
			);
			path = BankApp;
			sourceTree = "<group>";
		};
		0ABC6B1C29770517007A2D21 /* API */ = {
			isa = PBXGroup;
			children = (
				0ABC6B1D29770526007A2D21 /* BelarusbankAPI.swift */,
				0ABC6B1F2977052F007A2D21 /* Model.swift */,
				0ABC6B212977053C007A2D21 /* Provider.swift */,
			);
			path = API;
			sourceTree = "<group>";
		};
		0ABC6B2B297714BD007A2D21 /* CollectionsB */ = {
			isa = PBXGroup;
			children = (
				0ABC6B2C297714E0007A2D21 /* CityCollectionCell.swift */,
				0ABC6B2D297714E0007A2D21 /* CityCollectionCell.xib */,
				0ABC6B3229771511007A2D21 /* SortCollectionCell.swift */,
				0ABC6B3329771511007A2D21 /* SortCollectionCell.xib */,
			);
			path = CollectionsB;
			sourceTree = "<group>";
		};
		A55501FDE772653CBA5F6070 /* Frameworks */ = {
			isa = PBXGroup;
			children = (
				3189DF7ABE780F7E00D80D9B /* Pods_BankApp.framework */,
			);
			name = Frameworks;
			sourceTree = "<group>";
		};
		E43FCC3DE3F4FC188A4BB0FA /* Pods */ = {
			isa = PBXGroup;
			children = (
				E5DFD5AFEEA82EEC9D641FE5 /* Pods-BankApp.debug.xcconfig */,
				4B09AAEE27AB75FCE4999C83 /* Pods-BankApp.release.xcconfig */,
			);
			path = Pods;
			sourceTree = "<group>";
		};
/* End PBXGroup section */

/* Begin PBXNativeTarget section */
		0ABC6B032976FFC1007A2D21 /* BankApp */ = {
			isa = PBXNativeTarget;
			buildConfigurationList = 0ABC6B182976FFC5007A2D21 /* Build configuration list for PBXNativeTarget "BankApp" */;
			buildPhases = (
				C49549862F52F99D1ED468F6 /* [CP] Check Pods Manifest.lock */,
				0ABC6B002976FFC1007A2D21 /* Sources */,
				0ABC6B012976FFC1007A2D21 /* Frameworks */,
				0ABC6B022976FFC1007A2D21 /* Resources */,
				D20C4FF52D3AF53570FBE913 /* [CP] Embed Pods Frameworks */,
				E451E2D155B3F758FA7A048F /* [CP] Copy Pods Resources */,
			);
			buildRules = (
			);
			dependencies = (
			);
			name = BankApp;
			productName = BankApp;
			productReference = 0ABC6B042976FFC1007A2D21 /* BankApp.app */;
			productType = "com.apple.product-type.application";
		};
/* End PBXNativeTarget section */

/* Begin PBXProject section */
		0ABC6AFC2976FFC1007A2D21 /* Project object */ = {
			isa = PBXProject;
			attributes = {
				BuildIndependentTargetsInParallel = 1;
				LastSwiftUpdateCheck = 1410;
				LastUpgradeCheck = 1410;
				TargetAttributes = {
					0ABC6B032976FFC1007A2D21 = {
						CreatedOnToolsVersion = 14.1;
					};
				};
			};
			buildConfigurationList = 0ABC6AFF2976FFC1007A2D21 /* Build configuration list for PBXProject "BankApp" */;
			compatibilityVersion = "Xcode 14.0";
			developmentRegion = en;
			hasScannedForEncodings = 0;
			knownRegions = (
				en,
				Base,
			);
			mainGroup = 0ABC6AFB2976FFC1007A2D21;
			productRefGroup = 0ABC6B052976FFC1007A2D21 /* Products */;
			projectDirPath = "";
			projectRoot = "";
			targets = (
				0ABC6B032976FFC1007A2D21 /* BankApp */,
			);
		};
/* End PBXProject section */

/* Begin PBXResourcesBuildPhase section */
		0ABC6B022976FFC1007A2D21 /* Resources */ = {
			isa = PBXResourcesBuildPhase;
			buildActionMask = 2147483647;
			files = (
				0ABC6B2F297714E0007A2D21 /* CityCollectionCell.xib in Resources */,
				0A63141E2979A64400687FEF /* StonesCell.xib in Resources */,
				0ABC6B142976FFC5007A2D21 /* LaunchScreen.storyboard in Resources */,
				0ABC6B112976FFC5007A2D21 /* Assets.xcassets in Resources */,
				0ABC6B3529771511007A2D21 /* SortCollectionCell.xib in Resources */,
				0ABC6B0F2976FFC1007A2D21 /* Main.storyboard in Resources */,
			);
			runOnlyForDeploymentPostprocessing = 0;
		};
/* End PBXResourcesBuildPhase section */

/* Begin PBXShellScriptBuildPhase section */
		C49549862F52F99D1ED468F6 /* [CP] Check Pods Manifest.lock */ = {
			isa = PBXShellScriptBuildPhase;
			buildActionMask = 2147483647;
			files = (
			);
			inputFileListPaths = (
			);
			inputPaths = (
				"${PODS_PODFILE_DIR_PATH}/Podfile.lock",
				"${PODS_ROOT}/Manifest.lock",
			);
			name = "[CP] Check Pods Manifest.lock";
			outputFileListPaths = (
			);
			outputPaths = (
				"$(DERIVED_FILE_DIR)/Pods-BankApp-checkManifestLockResult.txt",
			);
			runOnlyForDeploymentPostprocessing = 0;
			shellPath = /bin/sh;
			shellScript = "diff \"${PODS_PODFILE_DIR_PATH}/Podfile.lock\" \"${PODS_ROOT}/Manifest.lock\" > /dev/null\nif [ $? != 0 ] ; then\n    # print error to STDERR\n    echo \"error: The sandbox is not in sync with the Podfile.lock. Run 'pod install' or update your CocoaPods installation.\" >&2\n    exit 1\nfi\n# This output is used by Xcode 'outputs' to avoid re-running this script phase.\necho \"SUCCESS\" > \"${SCRIPT_OUTPUT_FILE_0}\"\n";
			showEnvVarsInLog = 0;
		};
		D20C4FF52D3AF53570FBE913 /* [CP] Embed Pods Frameworks */ = {
			isa = PBXShellScriptBuildPhase;
			buildActionMask = 2147483647;
			files = (
			);
			inputFileListPaths = (
				"${PODS_ROOT}/Target Support Files/Pods-BankApp/Pods-BankApp-frameworks-${CONFIGURATION}-input-files.xcfilelist",
			);
			name = "[CP] Embed Pods Frameworks";
			outputFileListPaths = (
				"${PODS_ROOT}/Target Support Files/Pods-BankApp/Pods-BankApp-frameworks-${CONFIGURATION}-output-files.xcfilelist",
			);
			runOnlyForDeploymentPostprocessing = 0;
			shellPath = /bin/sh;
			shellScript = "\"${PODS_ROOT}/Target Support Files/Pods-BankApp/Pods-BankApp-frameworks.sh\"\n";
			showEnvVarsInLog = 0;
		};
		E451E2D155B3F758FA7A048F /* [CP] Copy Pods Resources */ = {
			isa = PBXShellScriptBuildPhase;
			buildActionMask = 2147483647;
			files = (
			);
			inputFileListPaths = (
				"${PODS_ROOT}/Target Support Files/Pods-BankApp/Pods-BankApp-resources-${CONFIGURATION}-input-files.xcfilelist",
			);
			name = "[CP] Copy Pods Resources";
			outputFileListPaths = (
				"${PODS_ROOT}/Target Support Files/Pods-BankApp/Pods-BankApp-resources-${CONFIGURATION}-output-files.xcfilelist",
			);
			runOnlyForDeploymentPostprocessing = 0;
			shellPath = /bin/sh;
			shellScript = "\"${PODS_ROOT}/Target Support Files/Pods-BankApp/Pods-BankApp-resources.sh\"\n";
			showEnvVarsInLog = 0;
		};
/* End PBXShellScriptBuildPhase section */

/* Begin PBXSourcesBuildPhase section */
		0ABC6B002976FFC1007A2D21 /* Sources */ = {
			isa = PBXSourcesBuildPhase;
			buildActionMask = 2147483647;
			files = (
				0ABC6B2E297714E0007A2D21 /* CityCollectionCell.swift in Sources */,
				0A63141D2979A64400687FEF /* StonesCell.swift in Sources */,
				0A6314192979A58700687FEF /* StonesController.swift in Sources */,
				0ABC6B2429770D0B007A2D21 /* ProfileController.swift in Sources */,
				0ABC6B202977052F007A2D21 /* Model.swift in Sources */,
				0ABC6B0C2976FFC1007A2D21 /* ViewController.swift in Sources */,
				0ABC6B082976FFC1007A2D21 /* AppDelegate.swift in Sources */,
				0A6314152979A51F00687FEF /* ModelStones.swift in Sources */,
				0A6314172979A52C00687FEF /* ProviderStones.swift in Sources */,
				0ABC6B1E29770526007A2D21 /* BelarusbankAPI.swift in Sources */,
				0A6314132979A51400687FEF /* APIStones.swift in Sources */,
				0ABC6B222977053C007A2D21 /* Provider.swift in Sources */,
				0ABC6B3429771511007A2D21 /* SortCollectionCell.swift in Sources */,
				0ABC6B0A2976FFC1007A2D21 /* SceneDelegate.swift in Sources */,
			);
			runOnlyForDeploymentPostprocessing = 0;
		};
/* End PBXSourcesBuildPhase section */

/* Begin PBXVariantGroup section */
		0ABC6B0D2976FFC1007A2D21 /* Main.storyboard */ = {
			isa = PBXVariantGroup;
			children = (
				0ABC6B0E2976FFC1007A2D21 /* Base */,
			);
			name = Main.storyboard;
			sourceTree = "<group>";
		};
		0ABC6B122976FFC5007A2D21 /* LaunchScreen.storyboard */ = {
			isa = PBXVariantGroup;
			children = (
				0ABC6B132976FFC5007A2D21 /* Base */,
			);
			name = LaunchScreen.storyboard;
			sourceTree = "<group>";
		};
/* End PBXVariantGroup section */

/* Begin XCBuildConfiguration section */
		0ABC6B162976FFC5007A2D21 /* Debug */ = {
			isa = XCBuildConfiguration;
			buildSettings = {
				ALWAYS_SEARCH_USER_PATHS = NO;
				CLANG_ANALYZER_NONNULL = YES;
				CLANG_ANALYZER_NUMBER_OBJECT_CONVERSION = YES_AGGRESSIVE;
				CLANG_CXX_LANGUAGE_STANDARD = "gnu++20";
				CLANG_ENABLE_MODULES = YES;
				CLANG_ENABLE_OBJC_ARC = YES;
				CLANG_ENABLE_OBJC_WEAK = YES;
				CLANG_WARN_BLOCK_CAPTURE_AUTORELEASING = YES;
				CLANG_WARN_BOOL_CONVERSION = YES;
				CLANG_WARN_COMMA = YES;
				CLANG_WARN_CONSTANT_CONVERSION = YES;
				CLANG_WARN_DEPRECATED_OBJC_IMPLEMENTATIONS = YES;
				CLANG_WARN_DIRECT_OBJC_ISA_USAGE = YES_ERROR;
				CLANG_WARN_DOCUMENTATION_COMMENTS = YES;
				CLANG_WARN_EMPTY_BODY = YES;
				CLANG_WARN_ENUM_CONVERSION = YES;
				CLANG_WARN_INFINITE_RECURSION = YES;
				CLANG_WARN_INT_CONVERSION = YES;
				CLANG_WARN_NON_LITERAL_NULL_CONVERSION = YES;
				CLANG_WARN_OBJC_IMPLICIT_RETAIN_SELF = YES;
				CLANG_WARN_OBJC_LITERAL_CONVERSION = YES;
				CLANG_WARN_OBJC_ROOT_CLASS = YES_ERROR;
				CLANG_WARN_QUOTED_INCLUDE_IN_FRAMEWORK_HEADER = YES;
				CLANG_WARN_RANGE_LOOP_ANALYSIS = YES;
				CLANG_WARN_STRICT_PROTOTYPES = YES;
				CLANG_WARN_SUSPICIOUS_MOVE = YES;
				CLANG_WARN_UNGUARDED_AVAILABILITY = YES_AGGRESSIVE;
				CLANG_WARN_UNREACHABLE_CODE = YES;
				CLANG_WARN__DUPLICATE_METHOD_MATCH = YES;
				COPY_PHASE_STRIP = NO;
				DEBUG_INFORMATION_FORMAT = dwarf;
				ENABLE_STRICT_OBJC_MSGSEND = YES;
				ENABLE_TESTABILITY = YES;
				GCC_C_LANGUAGE_STANDARD = gnu11;
				GCC_DYNAMIC_NO_PIC = NO;
				GCC_NO_COMMON_BLOCKS = YES;
				GCC_OPTIMIZATION_LEVEL = 0;
				GCC_PREPROCESSOR_DEFINITIONS = (
					"DEBUG=1",
					"$(inherited)",
				);
				GCC_WARN_64_TO_32_BIT_CONVERSION = YES;
				GCC_WARN_ABOUT_RETURN_TYPE = YES_ERROR;
				GCC_WARN_UNDECLARED_SELECTOR = YES;
				GCC_WARN_UNINITIALIZED_AUTOS = YES_AGGRESSIVE;
				GCC_WARN_UNUSED_FUNCTION = YES;
				GCC_WARN_UNUSED_VARIABLE = YES;
				IPHONEOS_DEPLOYMENT_TARGET = 16.1;
				MTL_ENABLE_DEBUG_INFO = INCLUDE_SOURCE;
				MTL_FAST_MATH = YES;
				ONLY_ACTIVE_ARCH = YES;
				SDKROOT = iphoneos;
				SWIFT_ACTIVE_COMPILATION_CONDITIONS = DEBUG;
				SWIFT_OPTIMIZATION_LEVEL = "-Onone";
			};
			name = Debug;
		};
		0ABC6B172976FFC5007A2D21 /* Release */ = {
			isa = XCBuildConfiguration;
			buildSettings = {
				ALWAYS_SEARCH_USER_PATHS = NO;
				CLANG_ANALYZER_NONNULL = YES;
				CLANG_ANALYZER_NUMBER_OBJECT_CONVERSION = YES_AGGRESSIVE;
				CLANG_CXX_LANGUAGE_STANDARD = "gnu++20";
				CLANG_ENABLE_MODULES = YES;
				CLANG_ENABLE_OBJC_ARC = YES;
				CLANG_ENABLE_OBJC_WEAK = YES;
				CLANG_WARN_BLOCK_CAPTURE_AUTORELEASING = YES;
				CLANG_WARN_BOOL_CONVERSION = YES;
				CLANG_WARN_COMMA = YES;
				CLANG_WARN_CONSTANT_CONVERSION = YES;
				CLANG_WARN_DEPRECATED_OBJC_IMPLEMENTATIONS = YES;
				CLANG_WARN_DIRECT_OBJC_ISA_USAGE = YES_ERROR;
				CLANG_WARN_DOCUMENTATION_COMMENTS = YES;
				CLANG_WARN_EMPTY_BODY = YES;
				CLANG_WARN_ENUM_CONVERSION = YES;
				CLANG_WARN_INFINITE_RECURSION = YES;
				CLANG_WARN_INT_CONVERSION = YES;
				CLANG_WARN_NON_LITERAL_NULL_CONVERSION = YES;
				CLANG_WARN_OBJC_IMPLICIT_RETAIN_SELF = YES;
				CLANG_WARN_OBJC_LITERAL_CONVERSION = YES;
				CLANG_WARN_OBJC_ROOT_CLASS = YES_ERROR;
				CLANG_WARN_QUOTED_INCLUDE_IN_FRAMEWORK_HEADER = YES;
				CLANG_WARN_RANGE_LOOP_ANALYSIS = YES;
				CLANG_WARN_STRICT_PROTOTYPES = YES;
				CLANG_WARN_SUSPICIOUS_MOVE = YES;
				CLANG_WARN_UNGUARDED_AVAILABILITY = YES_AGGRESSIVE;
				CLANG_WARN_UNREACHABLE_CODE = YES;
				CLANG_WARN__DUPLICATE_METHOD_MATCH = YES;
				COPY_PHASE_STRIP = NO;
				DEBUG_INFORMATION_FORMAT = "dwarf-with-dsym";
				ENABLE_NS_ASSERTIONS = NO;
				ENABLE_STRICT_OBJC_MSGSEND = YES;
				GCC_C_LANGUAGE_STANDARD = gnu11;
				GCC_NO_COMMON_BLOCKS = YES;
				GCC_WARN_64_TO_32_BIT_CONVERSION = YES;
				GCC_WARN_ABOUT_RETURN_TYPE = YES_ERROR;
				GCC_WARN_UNDECLARED_SELECTOR = YES;
				GCC_WARN_UNINITIALIZED_AUTOS = YES_AGGRESSIVE;
				GCC_WARN_UNUSED_FUNCTION = YES;
				GCC_WARN_UNUSED_VARIABLE = YES;
				IPHONEOS_DEPLOYMENT_TARGET = 16.1;
				MTL_ENABLE_DEBUG_INFO = NO;
				MTL_FAST_MATH = YES;
				SDKROOT = iphoneos;
				SWIFT_COMPILATION_MODE = wholemodule;
				SWIFT_OPTIMIZATION_LEVEL = "-O";
				VALIDATE_PRODUCT = YES;
			};
			name = Release;
		};
		0ABC6B192976FFC5007A2D21 /* Debug */ = {
			isa = XCBuildConfiguration;
			baseConfigurationReference = E5DFD5AFEEA82EEC9D641FE5 /* Pods-BankApp.debug.xcconfig */;
			buildSettings = {
				ASSETCATALOG_COMPILER_APPICON_NAME = AppIcon;
				ASSETCATALOG_COMPILER_GLOBAL_ACCENT_COLOR_NAME = AccentColor;
				CODE_SIGN_STYLE = Automatic;
				CURRENT_PROJECT_VERSION = 1;
				DEVELOPMENT_TEAM = 89HUYZRC4L;
				GENERATE_INFOPLIST_FILE = YES;
				INFOPLIST_FILE = BankApp/Info.plist;
				INFOPLIST_KEY_UIApplicationSupportsIndirectInputEvents = YES;
				INFOPLIST_KEY_UILaunchStoryboardName = LaunchScreen;
				INFOPLIST_KEY_UIMainStoryboardFile = Main;
				INFOPLIST_KEY_UISupportedInterfaceOrientations_iPad = "UIInterfaceOrientationPortrait UIInterfaceOrientationPortraitUpsideDown UIInterfaceOrientationLandscapeLeft UIInterfaceOrientationLandscapeRight";
				INFOPLIST_KEY_UISupportedInterfaceOrientations_iPhone = "UIInterfaceOrientationPortrait UIInterfaceOrientationLandscapeLeft UIInterfaceOrientationLandscapeRight";
				LD_RUNPATH_SEARCH_PATHS = (
					"$(inherited)",
					"@executable_path/Frameworks",
				);
				MARKETING_VERSION = 1.0;
				PRODUCT_BUNDLE_IDENTIFIER = "-.BankApp";
				PRODUCT_NAME = "$(TARGET_NAME)";
				SWIFT_EMIT_LOC_STRINGS = YES;
				SWIFT_VERSION = 5.0;
				TARGETED_DEVICE_FAMILY = "1,2";
			};
			name = Debug;
		};
		0ABC6B1A2976FFC5007A2D21 /* Release */ = {
			isa = XCBuildConfiguration;
			baseConfigurationReference = 4B09AAEE27AB75FCE4999C83 /* Pods-BankApp.release.xcconfig */;
			buildSettings = {
				ASSETCATALOG_COMPILER_APPICON_NAME = AppIcon;
				ASSETCATALOG_COMPILER_GLOBAL_ACCENT_COLOR_NAME = AccentColor;
				CODE_SIGN_STYLE = Automatic;
				CURRENT_PROJECT_VERSION = 1;
				DEVELOPMENT_TEAM = 89HUYZRC4L;
				GENERATE_INFOPLIST_FILE = YES;
				INFOPLIST_FILE = BankApp/Info.plist;
				INFOPLIST_KEY_UIApplicationSupportsIndirectInputEvents = YES;
				INFOPLIST_KEY_UILaunchStoryboardName = LaunchScreen;
				INFOPLIST_KEY_UIMainStoryboardFile = Main;
				INFOPLIST_KEY_UISupportedInterfaceOrientations_iPad = "UIInterfaceOrientationPortrait UIInterfaceOrientationPortraitUpsideDown UIInterfaceOrientationLandscapeLeft UIInterfaceOrientationLandscapeRight";
				INFOPLIST_KEY_UISupportedInterfaceOrientations_iPhone = "UIInterfaceOrientationPortrait UIInterfaceOrientationLandscapeLeft UIInterfaceOrientationLandscapeRight";
				LD_RUNPATH_SEARCH_PATHS = (
					"$(inherited)",
					"@executable_path/Frameworks",
				);
				MARKETING_VERSION = 1.0;
				PRODUCT_BUNDLE_IDENTIFIER = "-.BankApp";
				PRODUCT_NAME = "$(TARGET_NAME)";
				SWIFT_EMIT_LOC_STRINGS = YES;
				SWIFT_VERSION = 5.0;
				TARGETED_DEVICE_FAMILY = "1,2";
			};
			name = Release;
		};
/* End XCBuildConfiguration section */

/* Begin XCConfigurationList section */
		0ABC6AFF2976FFC1007A2D21 /* Build configuration list for PBXProject "BankApp" */ = {
			isa = XCConfigurationList;
			buildConfigurations = (
				0ABC6B162976FFC5007A2D21 /* Debug */,
				0ABC6B172976FFC5007A2D21 /* Release */,
			);
			defaultConfigurationIsVisible = 0;
			defaultConfigurationName = Release;
		};
		0ABC6B182976FFC5007A2D21 /* Build configuration list for PBXNativeTarget "BankApp" */ = {
			isa = XCConfigurationList;
			buildConfigurations = (
				0ABC6B192976FFC5007A2D21 /* Debug */,
				0ABC6B1A2976FFC5007A2D21 /* Release */,
			);
			defaultConfigurationIsVisible = 0;
			defaultConfigurationName = Release;
		};
/* End XCConfigurationList section */
	};
	rootObject = 0ABC6AFC2976FFC1007A2D21 /* Project object */;
}
